
Microsoft Visual Studio Solution File, Format Version 12.00
# Visual Studio Version 17
VisualStudioVersion = 17.3.32721.290
MinimumVisualStudioVersion = 10.0.40219.1
Project("{9A19103F-16F7-4668-BE54-9A1E7A4F7556}") = "BallisticCalculatorNet.ReticleEditor", "BallisticCalculatorNet.ReticleEditor\BallisticCalculatorNet.ReticleEditor.csproj", "{2FBDAA0A-7947-4C61-92D7-F5282462C28F}"
EndProject
Project("{9A19103F-16F7-4668-BE54-9A1E7A4F7556}") = "BallisticCalculatorNet.MeasurementControl", "BallisticCalculatorNet.MeasurementControl\BallisticCalculatorNet.MeasurementControl.csproj", "{F989ACF7-BF67-4F76-BF75-2EF8D0C8B2C6}"
EndProject
Project("{2150E333-8FDC-42A3-9474-1A3956D46DE8}") = "Solution Items", "Solution Items", "{AEC2804A-98EC-4047-A466-9D4ACCC382F9}"
	ProjectSection(SolutionItems) = preProject
		.editorconfig = .editorconfig
	EndProjectSection
EndProject
Project("{9A19103F-16F7-4668-BE54-9A1E7A4F7556}") = "BallisticCalculatorNet", "BallisticCalculatorNet\BallisticCalculatorNet.csproj", "{FC316B6C-97E2-4B04-B83F-1F06CCA42584}"
EndProject
Project("{9A19103F-16F7-4668-BE54-9A1E7A4F7556}") = "BallisticCalculatorNet.UnitTest", "BallisticCalculatorNet.UnitTest\BallisticCalculatorNet.UnitTest.csproj", "{B40EB7B3-729A-4BDE-9BE9-C85A7F3FE573}"
EndProject
Project("{9A19103F-16F7-4668-BE54-9A1E7A4F7556}") = "BallisticCalculatorNet.ReticleCanvas", "BallisticCalculatorNet.ReticleCanvas\BallisticCalculatorNet.ReticleCanvas.csproj", "{741A6A09-0B46-453C-A48A-E0912A2E2F57}"
EndProject
Project("{9A19103F-16F7-4668-BE54-9A1E7A4F7556}") = "BallisticCalculatorNet.Common", "BallisticCalculatorNet.Common\BallisticCalculatorNet.Common.csproj", "{A5CFA404-B5A5-4061-9E82-7E64F403AD20}"
EndProject
Project("{9A19103F-16F7-4668-BE54-9A1E7A4F7556}") = "Gehtsoft.Winforms.FluentAssertions", "Gehtsoft.Winforms.FluentAssertions\Gehtsoft.Winforms.FluentAssertions.csproj", "{59494094-2EDB-4CCA-A80A-81D7322BAFCE}"
EndProject
Project("{9A19103F-16F7-4668-BE54-9A1E7A4F7556}") = "Gehtsoft.Winforms.FluentAssertions.Test", "Gehtsoft.Winforms.FluentAssertions.Test\Gehtsoft.Winforms.FluentAssertions.Test.csproj", "{D0ACF118-057E-4F33-A863-5E2C01B283B7}"
EndProject
Project("{9A19103F-16F7-4668-BE54-9A1E7A4F7556}") = "BallisticCalculatorNet.InputPanels", "BallisticCalculatorNet.InputPanels\BallisticCalculatorNet.InputPanels.csproj", "{E42FE485-B98E-48C4-8DE3-6B4BBBFB856A}"
EndProject
Project("{9A19103F-16F7-4668-BE54-9A1E7A4F7556}") = "BallisticCalculatorNet.Api", "BallisticCalculatorNet.Api\BallisticCalculatorNet.Api.csproj", "{71F67FEE-71DF-4928-AE9A-E15BCC046295}"
EndProject
Project("{2150E333-8FDC-42A3-9474-1A3956D46DE8}") = "Extensions", "Extensions", "{0083D7BC-4756-4C14-B1DB-223A68E66C34}"
EndProject
Project("{2150E333-8FDC-42A3-9474-1A3956D46DE8}") = "Core", "Core", "{DF0F0E2B-CD12-4066-BB25-399E2CB3B35E}"
EndProject
Project("{2150E333-8FDC-42A3-9474-1A3956D46DE8}") = "Service", "Service", "{2E8F2FB9-85C1-4A31-B307-72788C16571E}"
EndProject
Project("{9A19103F-16F7-4668-BE54-9A1E7A4F7556}") = "BallisticCalculatorExtension.SaveToPdf", "Extensions\BallisticCalculatorExtension.SaveToPdf\BallisticCalculatorExtension.SaveToPdf.csproj", "{44122D05-684E-4F31-A336-738F9D14EBD0}"
EndProject
Global
	GlobalSection(SolutionConfigurationPlatforms) = preSolution
		Debug|Any CPU = Debug|Any CPU
		Release|Any CPU = Release|Any CPU
	EndGlobalSection
	GlobalSection(ProjectConfigurationPlatforms) = postSolution
		{2FBDAA0A-7947-4C61-92D7-F5282462C28F}.Debug|Any CPU.ActiveCfg = Debug|Any CPU
		{2FBDAA0A-7947-4C61-92D7-F5282462C28F}.Debug|Any CPU.Build.0 = Debug|Any CPU
		{2FBDAA0A-7947-4C61-92D7-F5282462C28F}.Release|Any CPU.ActiveCfg = Release|Any CPU
		{2FBDAA0A-7947-4C61-92D7-F5282462C28F}.Release|Any CPU.Build.0 = Release|Any CPU
		{F989ACF7-BF67-4F76-BF75-2EF8D0C8B2C6}.Debug|Any CPU.ActiveCfg = Debug|Any CPU
		{F989ACF7-BF67-4F76-BF75-2EF8D0C8B2C6}.Debug|Any CPU.Build.0 = Debug|Any CPU
		{F989ACF7-BF67-4F76-BF75-2EF8D0C8B2C6}.Release|Any CPU.ActiveCfg = Release|Any CPU
		{F989ACF7-BF67-4F76-BF75-2EF8D0C8B2C6}.Release|Any CPU.Build.0 = Release|Any CPU
		{FC316B6C-97E2-4B04-B83F-1F06CCA42584}.Debug|Any CPU.ActiveCfg = Debug|Any CPU
		{FC316B6C-97E2-4B04-B83F-1F06CCA42584}.Debug|Any CPU.Build.0 = Debug|Any CPU
		{FC316B6C-97E2-4B04-B83F-1F06CCA42584}.Release|Any CPU.ActiveCfg = Release|Any CPU
		{FC316B6C-97E2-4B04-B83F-1F06CCA42584}.Release|Any CPU.Build.0 = Release|Any CPU
		{B40EB7B3-729A-4BDE-9BE9-C85A7F3FE573}.Debug|Any CPU.ActiveCfg = Debug|Any CPU
		{B40EB7B3-729A-4BDE-9BE9-C85A7F3FE573}.Debug|Any CPU.Build.0 = Debug|Any CPU
		{B40EB7B3-729A-4BDE-9BE9-C85A7F3FE573}.Release|Any CPU.ActiveCfg = Release|Any CPU
		{B40EB7B3-729A-4BDE-9BE9-C85A7F3FE573}.Release|Any CPU.Build.0 = Release|Any CPU
		{741A6A09-0B46-453C-A48A-E0912A2E2F57}.Debug|Any CPU.ActiveCfg = Debug|Any CPU
		{741A6A09-0B46-453C-A48A-E0912A2E2F57}.Debug|Any CPU.Build.0 = Debug|Any CPU
		{741A6A09-0B46-453C-A48A-E0912A2E2F57}.Release|Any CPU.ActiveCfg = Release|Any CPU
		{741A6A09-0B46-453C-A48A-E0912A2E2F57}.Release|Any CPU.Build.0 = Release|Any CPU
		{A5CFA404-B5A5-4061-9E82-7E64F403AD20}.Debug|Any CPU.ActiveCfg = Debug|Any CPU
		{A5CFA404-B5A5-4061-9E82-7E64F403AD20}.Debug|Any CPU.Build.0 = Debug|Any CPU
		{A5CFA404-B5A5-4061-9E82-7E64F403AD20}.Release|Any CPU.ActiveCfg = Release|Any CPU
		{A5CFA404-B5A5-4061-9E82-7E64F403AD20}.Release|Any CPU.Build.0 = Release|Any CPU
		{59494094-2EDB-4CCA-A80A-81D7322BAFCE}.Debug|Any CPU.ActiveCfg = Debug|Any CPU
		{59494094-2EDB-4CCA-A80A-81D7322BAFCE}.Debug|Any CPU.Build.0 = Debug|Any CPU
		{59494094-2EDB-4CCA-A80A-81D7322BAFCE}.Release|Any CPU.ActiveCfg = Release|Any CPU
		{59494094-2EDB-4CCA-A80A-81D7322BAFCE}.Release|Any CPU.Build.0 = Release|Any CPU
		{D0ACF118-057E-4F33-A863-5E2C01B283B7}.Debug|Any CPU.ActiveCfg = Debug|Any CPU
		{D0ACF118-057E-4F33-A863-5E2C01B283B7}.Debug|Any CPU.Build.0 = Debug|Any CPU
		{D0ACF118-057E-4F33-A863-5E2C01B283B7}.Release|Any CPU.ActiveCfg = Release|Any CPU
		{D0ACF118-057E-4F33-A863-5E2C01B283B7}.Release|Any CPU.Build.0 = Release|Any CPU
		{E42FE485-B98E-48C4-8DE3-6B4BBBFB856A}.Debug|Any CPU.ActiveCfg = Debug|Any CPU
		{E42FE485-B98E-48C4-8DE3-6B4BBBFB856A}.Debug|Any CPU.Build.0 = Debug|Any CPU
		{E42FE485-B98E-48C4-8DE3-6B4BBBFB856A}.Release|Any CPU.ActiveCfg = Release|Any CPU
		{E42FE485-B98E-48C4-8DE3-6B4BBBFB856A}.Release|Any CPU.Build.0 = Release|Any CPU
		{71F67FEE-71DF-4928-AE9A-E15BCC046295}.Debug|Any CPU.ActiveCfg = Debug|Any CPU
		{71F67FEE-71DF-4928-AE9A-E15BCC046295}.Debug|Any CPU.Build.0 = Debug|Any CPU
		{71F67FEE-71DF-4928-AE9A-E15BCC046295}.Release|Any CPU.ActiveCfg = Release|Any CPU
		{71F67FEE-71DF-4928-AE9A-E15BCC046295}.Release|Any CPU.Build.0 = Release|Any CPU
		{44122D05-684E-4F31-A336-738F9D14EBD0}.Debug|Any CPU.ActiveCfg = Debug|Any CPU
		{44122D05-684E-4F31-A336-738F9D14EBD0}.Debug|Any CPU.Build.0 = Debug|Any CPU
		{44122D05-684E-4F31-A336-738F9D14EBD0}.Release|Any CPU.ActiveCfg = Release|Any CPU
		{44122D05-684E-4F31-A336-738F9D14EBD0}.Release|Any CPU.Build.0 = Release|Any CPU
	EndGlobalSection
	GlobalSection(SolutionProperties) = preSolution
		HideSolutionNode = FALSE
	EndGlobalSection
	GlobalSection(NestedProjects) = preSolution
		{2FBDAA0A-7947-4C61-92D7-F5282462C28F} = {DF0F0E2B-CD12-4066-BB25-399E2CB3B35E}
		{F989ACF7-BF67-4F76-BF75-2EF8D0C8B2C6} = {DF0F0E2B-CD12-4066-BB25-399E2CB3B35E}
		{FC316B6C-97E2-4B04-B83F-1F06CCA42584} = {DF0F0E2B-CD12-4066-BB25-399E2CB3B35E}
		{B40EB7B3-729A-4BDE-9BE9-C85A7F3FE573} = {DF0F0E2B-CD12-4066-BB25-399E2CB3B35E}
		{741A6A09-0B46-453C-A48A-E0912A2E2F57} = {DF0F0E2B-CD12-4066-BB25-399E2CB3B35E}
		{A5CFA404-B5A5-4061-9E82-7E64F403AD20} = {DF0F0E2B-CD12-4066-BB25-399E2CB3B35E}
		{59494094-2EDB-4CCA-A80A-81D7322BAFCE} = {2E8F2FB9-85C1-4A31-B307-72788C16571E}
		{D0ACF118-057E-4F33-A863-5E2C01B283B7} = {2E8F2FB9-85C1-4A31-B307-72788C16571E}
		{E42FE485-B98E-48C4-8DE3-6B4BBBFB856A} = {DF0F0E2B-CD12-4066-BB25-399E2CB3B35E}
		{71F67FEE-71DF-4928-AE9A-E15BCC046295} = {DF0F0E2B-CD12-4066-BB25-399E2CB3B35E}
		{44122D05-684E-4F31-A336-738F9D14EBD0} = {0083D7BC-4756-4C14-B1DB-223A68E66C34}
	EndGlobalSection
	GlobalSection(ExtensibilityGlobals) = postSolution
		                        SolutionGuid = {3B64E7C3-1B3F-4B52-BDBF-DBE060C82E75}
		                SolutionGuid = {175DDDBA-66F7-4CE1-A5D6-21780054F9A4}
		        SolutionGuid = {88E6864F-6125-46F7-A705-6D81292F7984}
	EndGlobalSection
EndGlobal
